
Microsoft Visual Studio Solution File, Format Version 12.00
# Visual Studio Version 17
VisualStudioVersion = 17.3.32819.101
MinimumVisualStudioVersion = 10.0.40219.1
Project("{9A19103F-16F7-4668-BE54-9A1E7A4F7556}") = "EGakko_Web", "EGakko_Web\EGakko_Web.csproj", "{A0A76BA5-2FFE-4DB9-A988-E4B15B137A66}"
EndProject
Project("{FAE04EC0-301F-11D3-BF4B-00C04F79EFBC}") = "EGakko_DAL", "EGakko_DAL\EGakko_DAL.csproj", "{113D0263-E540-454B-AFC0-EBF2D5270A02}"
EndProject
Project("{FAE04EC0-301F-11D3-BF4B-00C04F79EFBC}") = "EGakko_Models", "EGakko_Models\EGakko_Models.csproj", "{7B3BDE18-F6C7-470C-8606-A774EEE02E43}"
EndProject
Global
	GlobalSection(SolutionConfigurationPlatforms) = preSolution
		Debug|Any CPU = Debug|Any CPU
		Release|Any CPU = Release|Any CPU
	EndGlobalSection
	GlobalSection(ProjectConfigurationPlatforms) = postSolution
		{A0A76BA5-2FFE-4DB9-A988-E4B15B137A66}.Debug|Any CPU.ActiveCfg = Debug|Any CPU
		{A0A76BA5-2FFE-4DB9-A988-E4B15B137A66}.Debug|Any CPU.Build.0 = Debug|Any CPU
		{A0A76BA5-2FFE-4DB9-A988-E4B15B137A66}.Release|Any CPU.ActiveCfg = Release|Any CPU
		{A0A76BA5-2FFE-4DB9-A988-E4B15B137A66}.Release|Any CPU.Build.0 = Release|Any CPU
		{113D0263-E540-454B-AFC0-EBF2D5270A02}.Debug|Any CPU.ActiveCfg = Debug|Any CPU
		{113D0263-E540-454B-AFC0-EBF2D5270A02}.Debug|Any CPU.Build.0 = Debug|Any CPU
		{113D0263-E540-454B-AFC0-EBF2D5270A02}.Release|Any CPU.ActiveCfg = Release|Any CPU
		{113D0263-E540-454B-AFC0-EBF2D5270A02}.Release|Any CPU.Build.0 = Release|Any CPU
		{7B3BDE18-F6C7-470C-8606-A774EEE02E43}.Debug|Any CPU.ActiveCfg = Debug|Any CPU
		{7B3BDE18-F6C7-470C-8606-A774EEE02E43}.Debug|Any CPU.Build.0 = Debug|Any CPU
		{7B3BDE18-F6C7-470C-8606-A774EEE02E43}.Release|Any CPU.ActiveCfg = Release|Any CPU
		{7B3BDE18-F6C7-470C-8606-A774EEE02E43}.Release|Any CPU.Build.0 = Release|Any CPU
	EndGlobalSection
	GlobalSection(SolutionProperties) = preSolution
		HideSolutionNode = FALSE
	EndGlobalSection
	GlobalSection(ExtensibilityGlobals) = postSolution
		SolutionGuid = {D0E25C58-072E-4777-9886-B12DDE1F5AD4}
	EndGlobalSection
EndGlobal
